
Microsoft Visual Studio Solution File, Format Version 12.00
# Visual Studio Version 16
VisualStudioVersion = 16.0.30503.244
MinimumVisualStudioVersion = 10.0.40219.1
Project("{9A19103F-16F7-4668-BE54-9A1E7A4F7556}") = "webApi", "webApi.csproj", "{BFCC1679-7E13-45AC-98DE-41C190D37BA9}"
EndProject
Global
	GlobalSection(SolutionConfigurationPlatforms) = preSolution
		Debug|Any CPU = Debug|Any CPU
		Release|Any CPU = Release|Any CPU
	EndGlobalSection
	GlobalSection(ProjectConfigurationPlatforms) = postSolution
		{BFCC1679-7E13-45AC-98DE-41C190D37BA9}.Debug|Any CPU.ActiveCfg = Debug|Any CPU
		{BFCC1679-7E13-45AC-98DE-41C190D37BA9}.Debug|Any CPU.Build.0 = Debug|Any CPU
		{BFCC1679-7E13-45AC-98DE-41C190D37BA9}.Release|Any CPU.ActiveCfg = Release|Any CPU
		{BFCC1679-7E13-45AC-98DE-41C190D37BA9}.Release|Any CPU.Build.0 = Release|Any CPU
	EndGlobalSection
	GlobalSection(SolutionProperties) = preSolution
		HideSolutionNode = FALSE
	EndGlobalSection
	GlobalSection(ExtensibilityGlobals) = postSolution
		SolutionGuid = {57EDF7AE-A3D6-40D0-A224-0AA5B321A955}
	EndGlobalSection
EndGlobal
