
Microsoft Visual Studio Solution File, Format Version 12.00
# Visual Studio Version 16
VisualStudioVersion = 16.0.30907.101
MinimumVisualStudioVersion = 10.0.40219.1
Project("{FAE04EC0-301F-11D3-BF4B-00C04F79EFBC}") = "SSRNetCore", "SSRNetCore.csproj", "{C31DFB4E-215F-47E9-934E-D00C8296F870}"
EndProject
Global
	GlobalSection(SolutionConfigurationPlatforms) = preSolution
		Debug|Any CPU = Debug|Any CPU
		Release|Any CPU = Release|Any CPU
	EndGlobalSection
	GlobalSection(ProjectConfigurationPlatforms) = postSolution
		{C31DFB4E-215F-47E9-934E-D00C8296F870}.Debug|Any CPU.ActiveCfg = Debug|Any CPU
		{C31DFB4E-215F-47E9-934E-D00C8296F870}.Debug|Any CPU.Build.0 = Debug|Any CPU
		{C31DFB4E-215F-47E9-934E-D00C8296F870}.Release|Any CPU.ActiveCfg = Release|Any CPU
		{C31DFB4E-215F-47E9-934E-D00C8296F870}.Release|Any CPU.Build.0 = Release|Any CPU
	EndGlobalSection
	GlobalSection(SolutionProperties) = preSolution
		HideSolutionNode = FALSE
	EndGlobalSection
	GlobalSection(ExtensibilityGlobals) = postSolution
		SolutionGuid = {98684934-DD44-40BB-B29E-1D994B26057B}
	EndGlobalSection
EndGlobal
